{
  "name": "PM_Case_Management",
  "lockfileVersion": 3,
  "requires": true,
  "packages": {
    "": {
      "dependencies": {
        "awesome-image-viewer": "^1.0.60"
      }
    },
    "node_modules/awesome-image-viewer": {
      "version": "1.0.60",
      "resolved": "https://registry.npmjs.org/awesome-image-viewer/-/awesome-image-viewer-1.0.60.tgz",
      "integrity": "sha512-BBVsjgz/2W8R/EwnVz8Hcz0uTLBV4CA1jr8mO+TkRqSh0eDNWOolkjML6UxHPKd/eYESDDnXD6zN/Wj3uZ1Fdg=="
    }
  }
}
